// !$*UTF8*$!
{
	archiveVersion = 1;
	classes = {
	};
	objectVersion = 50;
	objects = {

/* Begin PBXBuildFile section */
		56CD64702402A5DF0036A6E7 /* AppDelegate.swift in Sources */ = {isa = PBXBuildFile; fileRef = 56CD646F2402A5DF0036A6E7 /* AppDelegate.swift */; };
		56CD64722402A5DF0036A6E7 /* SceneDelegate.swift in Sources */ = {isa = PBXBuildFile; fileRef = 56CD64712402A5DF0036A6E7 /* SceneDelegate.swift */; };
		56CD64742402A5DF0036A6E7 /* ViewController.swift in Sources */ = {isa = PBXBuildFile; fileRef = 56CD64732402A5DF0036A6E7 /* ViewController.swift */; };
		56CD64772402A5DF0036A6E7 /* Main.storyboard in Resources */ = {isa = PBXBuildFile; fileRef = 56CD64752402A5DF0036A6E7 /* Main.storyboard */; };
		56CD64792402A5E00036A6E7 /* Assets.xcassets in Resources */ = {isa = PBXBuildFile; fileRef = 56CD64782402A5E00036A6E7 /* Assets.xcassets */; };
		56CD647C2402A5E00036A6E7 /* LaunchScreen.storyboard in Resources */ = {isa = PBXBuildFile; fileRef = 56CD647A2402A5E00036A6E7 /* LaunchScreen.storyboard */; };
		56CD64872402A5E00036A6E7 /* TestRepTests.swift in Sources */ = {isa = PBXBuildFile; fileRef = 56CD64862402A5E00036A6E7 /* TestRepTests.swift */; };
		56CD64922402A5E00036A6E7 /* TestRepUITests.swift in Sources */ = {isa = PBXBuildFile; fileRef = 56CD64912402A5E00036A6E7 /* TestRepUITests.swift */; };
/* End PBXBuildFile section */

/* Begin PBXContainerItemProxy section */
		56CD64832402A5E00036A6E7 /* PBXContainerItemProxy */ = {
			isa = PBXContainerItemProxy;
			containerPortal = 56CD64642402A5DF0036A6E7 /* Project object */;
			proxyType = 1;
			remoteGlobalIDString = 56CD646B2402A5DF0036A6E7;
			remoteInfo = TestRep;
		};
		56CD648E2402A5E00036A6E7 /* PBXContainerItemProxy */ = {
			isa = PBXContainerItemProxy;
			containerPortal = 56CD64642402A5DF0036A6E7 /* Project object */;
			proxyType = 1;
			remoteGlobalIDString = 56CD646B2402A5DF0036A6E7;
			remoteInfo = TestRep;
		};
/* End PBXContainerItemProxy section */

/* Begin PBXFileReference section */
		56CD646C2402A5DF0036A6E7 /* TestRep.app */ = {isa = PBXFileReference; explicitFileType = wrapper.application; includeInIndex = 0; path = TestRep.app; sourceTree = BUILT_PRODUCTS_DIR; };
		56CD646F2402A5DF0036A6E7 /* AppDelegate.swift */ = {isa = PBXFileReference; lastKnownFileType = sourcecode.swift; path = AppDelegate.swift; sourceTree = "<group>"; };
		56CD64712402A5DF0036A6E7 /* SceneDelegate.swift */ = {isa = PBXFileReference; lastKnownFileType = sourcecode.swift; path = SceneDelegate.swift; sourceTree = "<group>"; };
		56CD64732402A5DF0036A6E7 /* ViewController.swift */ = {isa = PBXFileReference; lastKnownFileType = sourcecode.swift; path = ViewController.swift; sourceTree = "<group>"; };
		56CD64762402A5DF0036A6E7 /* Base */ = {isa = PBXFileReference; lastKnownFileType = file.storyboard; name = Base; path = Base.lproj/Main.storyboard; sourceTree = "<group>"; };
		56CD64782402A5E00036A6E7 /* Assets.xcassets */ = {isa = PBXFileReference; lastKnownFileType = folder.assetcatalog; path = Assets.xcassets; sourceTree = "<group>"; };
		56CD647B2402A5E00036A6E7 /* Base */ = {isa = PBXFileReference; lastKnownFileType = file.storyboard; name = Base; path = Base.lproj/LaunchScreen.storyboard; sourceTree = "<group>"; };
		56CD647D2402A5E00036A6E7 /* Info.plist */ = {isa = PBXFileReference; lastKnownFileType = text.plist.xml; path = Info.plist; sourceTree = "<group>"; };
		56CD64822402A5E00036A6E7 /* TestRepTests.xctest */ = {isa = PBXFileReference; explicitFileType = wrapper.cfbundle; includeInIndex = 0; path = TestRepTests.xctest; sourceTree = BUILT_PRODUCTS_DIR; };
		56CD64862402A5E00036A6E7 /* TestRepTests.swift */ = {isa = PBXFileReference; lastKnownFileType = sourcecode.swift; path = TestRepTests.swift; sourceTree = "<group>"; };
		56CD64882402A5E00036A6E7 /* Info.plist */ = {isa = PBXFileReference; lastKnownFileType = text.plist.xml; path = Info.plist; sourceTree = "<group>"; };
		56CD648D2402A5E00036A6E7 /* TestRepUITests.xctest */ = {isa = PBXFileReference; explicitFileType = wrapper.cfbundle; includeInIndex = 0; path = TestRepUITests.xctest; sourceTree = BUILT_PRODUCTS_DIR; };
		56CD64912402A5E00036A6E7 /* TestRepUITests.swift */ = {isa = PBXFileReference; lastKnownFileType = sourcecode.swift; path = TestRepUITests.swift; sourceTree = "<group>"; };
		56CD64932402A5E00036A6E7 /* Info.plist */ = {isa = PBXFileReference; lastKnownFileType = text.plist.xml; path = Info.plist; sourceTree = "<group>"; };
/* End PBXFileReference section */

/* Begin PBXFrameworksBuildPhase section */
		56CD64692402A5DF0036A6E7 /* Frameworks */ = {
			isa = PBXFrameworksBuildPhase;
			buildActionMask = 2147483647;
			files = (
			);
			runOnlyForDeploymentPostprocessing = 0;
		};
		56CD647F2402A5E00036A6E7 /* Frameworks */ = {
			isa = PBXFrameworksBuildPhase;
			buildActionMask = 2147483647;
			files = (
			);
			runOnlyForDeploymentPostprocessing = 0;
		};
		56CD648A2402A5E00036A6E7 /* Frameworks */ = {
			isa = PBXFrameworksBuildPhase;
			buildActionMask = 2147483647;
			files = (
			);
			runOnlyForDeploymentPostprocessing = 0;
		};
/* End PBXFrameworksBuildPhase section */

/* Begin PBXGroup section */
		56CD64632402A5DF0036A6E7 = {
			isa = PBXGroup;
			children = (
				56CD646E2402A5DF0036A6E7 /* TestRep */,
				56CD64852402A5E00036A6E7 /* TestRepTests */,
				56CD64902402A5E00036A6E7 /* TestRepUITests */,
				56CD646D2402A5DF0036A6E7 /* Products */,
			);
			sourceTree = "<group>";
		};
		56CD646D2402A5DF0036A6E7 /* Products */ = {
			isa = PBXGroup;
			children = (
				56CD646C2402A5DF0036A6E7 /* TestRep.app */,
				56CD64822402A5E00036A6E7 /* TestRepTests.xctest */,
				56CD648D2402A5E00036A6E7 /* TestRepUITests.xctest */,
			);
			name = Products;
			sourceTree = "<group>";
		};
		56CD646E2402A5DF0036A6E7 /* TestRep */ = {
			isa = PBXGroup;
			children = (
				56CD646F2402A5DF0036A6E7 /* AppDelegate.swift */,
				56CD64712402A5DF0036A6E7 /* SceneDelegate.swift */,
				56CD64732402A5DF0036A6E7 /* ViewController.swift */,
				56CD64752402A5DF0036A6E7 /* Main.storyboard */,
				56CD64782402A5E00036A6E7 /* Assets.xcassets */,
				56CD647A2402A5E00036A6E7 /* LaunchScreen.storyboard */,
				56CD647D2402A5E00036A6E7 /* Info.plist */,
			);
			path = TestRep;
			sourceTree = "<group>";
		};
		56CD64852402A5E00036A6E7 /* TestRepTests */ = {
			isa = PBXGroup;
			children = (
				56CD64862402A5E00036A6E7 /* TestRepTests.swift */,
				56CD64882402A5E00036A6E7 /* Info.plist */,
			);
			path = TestRepTests;
			sourceTree = "<group>";
		};
		56CD64902402A5E00036A6E7 /* TestRepUITests */ = {
			isa = PBXGroup;
			children = (
				56CD64912402A5E00036A6E7 /* TestRepUITests.swift */,
				56CD64932402A5E00036A6E7 /* Info.plist */,
			);
			path = TestRepUITests;
			sourceTree = "<group>";
		};
/* End PBXGroup section */

/* Begin PBXNativeTarget section */
		56CD646B2402A5DF0036A6E7 /* TestRep */ = {
			isa = PBXNativeTarget;
			buildConfigurationList = 56CD64962402A5E00036A6E7 /* Build configuration list for PBXNativeTarget "TestRep" */;
			buildPhases = (
				56CD64682402A5DF0036A6E7 /* Sources */,
				56CD64692402A5DF0036A6E7 /* Frameworks */,
				56CD646A2402A5DF0036A6E7 /* Resources */,
			);
			buildRules = (
			);
			dependencies = (
			);
			name = TestRep;
			productName = TestRep;
			productReference = 56CD646C2402A5DF0036A6E7 /* TestRep.app */;
			productType = "com.apple.product-type.application";
		};
		56CD64812402A5E00036A6E7 /* TestRepTests */ = {
			isa = PBXNativeTarget;
			buildConfigurationList = 56CD64992402A5E00036A6E7 /* Build configuration list for PBXNativeTarget "TestRepTests" */;
			buildPhases = (
				56CD647E2402A5E00036A6E7 /* Sources */,
				56CD647F2402A5E00036A6E7 /* Frameworks */,
				56CD64802402A5E00036A6E7 /* Resources */,
			);
			buildRules = (
			);
			dependencies = (
				56CD64842402A5E00036A6E7 /* PBXTargetDependency */,
			);
			name = TestRepTests;
			productName = TestRepTests;
			productReference = 56CD64822402A5E00036A6E7 /* TestRepTests.xctest */;
			productType = "com.apple.product-type.bundle.unit-test";
		};
		56CD648C2402A5E00036A6E7 /* TestRepUITests */ = {
			isa = PBXNativeTarget;
			buildConfigurationList = 56CD649C2402A5E00036A6E7 /* Build configuration list for PBXNativeTarget "TestRepUITests" */;
			buildPhases = (
				56CD64892402A5E00036A6E7 /* Sources */,
				56CD648A2402A5E00036A6E7 /* Frameworks */,
				56CD648B2402A5E00036A6E7 /* Resources */,
			);
			buildRules = (
			);
			dependencies = (
				56CD648F2402A5E00036A6E7 /* PBXTargetDependency */,
			);
			name = TestRepUITests;
			productName = TestRepUITests;
			productReference = 56CD648D2402A5E00036A6E7 /* TestRepUITests.xctest */;
			productType = "com.apple.product-type.bundle.ui-testing";
		};
/* End PBXNativeTarget section */

/* Begin PBXProject section */
		56CD64642402A5DF0036A6E7 /* Project object */ = {
			isa = PBXProject;
			attributes = {
				LastSwiftUpdateCheck = 1100;
				LastUpgradeCheck = 1100;
				ORGANIZATIONNAME = y;
				TargetAttributes = {
					56CD646B2402A5DF0036A6E7 = {
						CreatedOnToolsVersion = 11.0;
					};
					56CD64812402A5E00036A6E7 = {
						CreatedOnToolsVersion = 11.0;
						TestTargetID = 56CD646B2402A5DF0036A6E7;
					};
					56CD648C2402A5E00036A6E7 = {
						CreatedOnToolsVersion = 11.0;
						TestTargetID = 56CD646B2402A5DF0036A6E7;
					};
				};
			};
			buildConfigurationList = 56CD64672402A5DF0036A6E7 /* Build configuration list for PBXProject "TestRep" */;
			compatibilityVersion = "Xcode 9.3";
			developmentRegion = en;
			hasScannedForEncodings = 0;
			knownRegions = (
				en,
				Base,
			);
			mainGroup = 56CD64632402A5DF0036A6E7;
			productRefGroup = 56CD646D2402A5DF0036A6E7 /* Products */;
			projectDirPath = "";
			projectRoot = "";
			targets = (
				56CD646B2402A5DF0036A6E7 /* TestRep */,
				56CD64812402A5E00036A6E7 /* TestRepTests */,
				56CD648C2402A5E00036A6E7 /* TestRepUITests */,
			);
		};
/* End PBXProject section */

/* Begin PBXResourcesBuildPhase section */
		56CD646A2402A5DF0036A6E7 /* Resources */ = {
			isa = PBXResourcesBuildPhase;
			buildActionMask = 2147483647;
			files = (
				56CD647C2402A5E00036A6E7 /* LaunchScreen.storyboard in Resources */,
				56CD64792402A5E00036A6E7 /* Assets.xcassets in Resources */,
				56CD64772402A5DF0036A6E7 /* Main.storyboard in Resources */,
			);
			runOnlyForDeploymentPostprocessing = 0;
		};
		56CD64802402A5E00036A6E7 /* Resources */ = {
			isa = PBXResourcesBuildPhase;
			buildActionMask = 2147483647;
			files = (
			);
			runOnlyForDeploymentPostprocessing = 0;
		};
		56CD648B2402A5E00036A6E7 /* Resources */ = {
			isa = PBXResourcesBuildPhase;
			buildActionMask = 2147483647;
			files = (
			);
			runOnlyForDeploymentPostprocessing = 0;
		};
/* End PBXResourcesBuildPhase section */

/* Begin PBXSourcesBuildPhase section */
		56CD64682402A5DF0036A6E7 /* Sources */ = {
			isa = PBXSourcesBuildPhase;
			buildActionMask = 2147483647;
			files = (
				56CD64742402A5DF0036A6E7 /* ViewController.swift in Sources */,
				56CD64702402A5DF0036A6E7 /* AppDelegate.swift in Sources */,
				56CD64722402A5DF0036A6E7 /* SceneDelegate.swift in Sources */,
			);
			runOnlyForDeploymentPostprocessing = 0;
		};
		56CD647E2402A5E00036A6E7 /* Sources */ = {
			isa = PBXSourcesBuildPhase;
			buildActionMask = 2147483647;
			files = (
				56CD64872402A5E00036A6E7 /* TestRepTests.swift in Sources */,
			);
			runOnlyForDeploymentPostprocessing = 0;
		};
		56CD64892402A5E00036A6E7 /* Sources */ = {
			isa = PBXSourcesBuildPhase;
			buildActionMask = 2147483647;
			files = (
				56CD64922402A5E00036A6E7 /* TestRepUITests.swift in Sources */,
			);
			runOnlyForDeploymentPostprocessing = 0;
		};
/* End PBXSourcesBuildPhase section */

/* Begin PBXTargetDependency section */
		56CD64842402A5E00036A6E7 /* PBXTargetDependency */ = {
			isa = PBXTargetDependency;
			target = 56CD646B2402A5DF0036A6E7 /* TestRep */;
			targetProxy = 56CD64832402A5E00036A6E7 /* PBXContainerItemProxy */;
		};
		56CD648F2402A5E00036A6E7 /* PBXTargetDependency */ = {
			isa = PBXTargetDependency;
			target = 56CD646B2402A5DF0036A6E7 /* TestRep */;
			targetProxy = 56CD648E2402A5E00036A6E7 /* PBXContainerItemProxy */;
		};
/* End PBXTargetDependency section */

/* Begin PBXVariantGroup section */
		56CD64752402A5DF0036A6E7 /* Main.storyboard */ = {
			isa = PBXVariantGroup;
			children = (
				56CD64762402A5DF0036A6E7 /* Base */,
			);
			name = Main.storyboard;
			sourceTree = "<group>";
		};
		56CD647A2402A5E00036A6E7 /* LaunchScreen.storyboard */ = {
			isa = PBXVariantGroup;
			children = (
				56CD647B2402A5E00036A6E7 /* Base */,
			);
			name = LaunchScreen.storyboard;
			sourceTree = "<group>";
		};
/* End PBXVariantGroup section */

/* Begin XCBuildConfiguration section */
		56CD64942402A5E00036A6E7 /* Debug */ = {
			isa = XCBuildConfiguration;
			buildSettings = {
				ALWAYS_SEARCH_USER_PATHS = NO;
				CLANG_ANALYZER_NONNULL = YES;
				CLANG_ANALYZER_NUMBER_OBJECT_CONVERSION = YES_AGGRESSIVE;
				CLANG_CXX_LANGUAGE_STANDARD = "gnu++14";
				CLANG_CXX_LIBRARY = "libc++";
				CLANG_ENABLE_MODULES = YES;
				CLANG_ENABLE_OBJC_ARC = YES;
				CLANG_ENABLE_OBJC_WEAK = YES;
				CLANG_WARN_BLOCK_CAPTURE_AUTORELEASING = YES;
				CLANG_WARN_BOOL_CONVERSION = YES;
				CLANG_WARN_COMMA = YES;
				CLANG_WARN_CONSTANT_CONVERSION = YES;
				CLANG_WARN_DEPRECATED_OBJC_IMPLEMENTATIONS = YES;
				CLANG_WARN_DIRECT_OBJC_ISA_USAGE = YES_ERROR;
				CLANG_WARN_DOCUMENTATION_COMMENTS = YES;
				CLANG_WARN_EMPTY_BODY = YES;
				CLANG_WARN_ENUM_CONVERSION = YES;
				CLANG_WARN_INFINITE_RECURSION = YES;
				CLANG_WARN_INT_CONVERSION = YES;
				CLANG_WARN_NON_LITERAL_NULL_CONVERSION = YES;
				CLANG_WARN_OBJC_IMPLICIT_RETAIN_SELF = YES;
				CLANG_WARN_OBJC_LITERAL_CONVERSION = YES;
				CLANG_WARN_OBJC_ROOT_CLASS = YES_ERROR;
				CLANG_WARN_RANGE_LOOP_ANALYSIS = YES;
				CLANG_WARN_STRICT_PROTOTYPES = YES;
				CLANG_WARN_SUSPICIOUS_MOVE = YES;
				CLANG_WARN_UNGUARDED_AVAILABILITY = YES_AGGRESSIVE;
				CLANG_WARN_UNREACHABLE_CODE = YES;
				CLANG_WARN__DUPLICATE_METHOD_MATCH = YES;
				COPY_PHASE_STRIP = NO;
				DEBUG_INFORMATION_FORMAT = dwarf;
				ENABLE_STRICT_OBJC_MSGSEND = YES;
				ENABLE_TESTABILITY = YES;
				GCC_C_LANGUAGE_STANDARD = gnu11;
				GCC_DYNAMIC_NO_PIC = NO;
				GCC_NO_COMMON_BLOCKS = YES;
				GCC_OPTIMIZATION_LEVEL = 0;
				GCC_PREPROCESSOR_DEFINITIONS = (
					"DEBUG=1",
					"$(inherited)",
				);
				GCC_WARN_64_TO_32_BIT_CONVERSION = YES;
				GCC_WARN_ABOUT_RETURN_TYPE = YES_ERROR;
				GCC_WARN_UNDECLARED_SELECTOR = YES;
				GCC_WARN_UNINITIALIZED_AUTOS = YES_AGGRESSIVE;
				GCC_WARN_UNUSED_FUNCTION = YES;
				GCC_WARN_UNUSED_VARIABLE = YES;
				IPHONEOS_DEPLOYMENT_TARGET = 13.0;
				MTL_ENABLE_DEBUG_INFO = INCLUDE_SOURCE;
				MTL_FAST_MATH = YES;
				ONLY_ACTIVE_ARCH = YES;
				SDKROOT = iphoneos;
				SWIFT_ACTIVE_COMPILATION_CONDITIONS = DEBUG;
				SWIFT_OPTIMIZATION_LEVEL = "-Onone";
			};
			name = Debug;
		};
		56CD64952402A5E00036A6E7 /* Release */ = {
			isa = XCBuildConfiguration;
			buildSettings = {
				ALWAYS_SEARCH_USER_PATHS = NO;
				CLANG_ANALYZER_NONNULL = YES;
				CLANG_ANALYZER_NUMBER_OBJECT_CONVERSION = YES_AGGRESSIVE;
				CLANG_CXX_LANGUAGE_STANDARD = "gnu++14";
				CLANG_CXX_LIBRARY = "libc++";
				CLANG_ENABLE_MODULES = YES;
				CLANG_ENABLE_OBJC_ARC = YES;
				CLANG_ENABLE_OBJC_WEAK = YES;
				CLANG_WARN_BLOCK_CAPTURE_AUTORELEASING = YES;
				CLANG_WARN_BOOL_CONVERSION = YES;
				CLANG_WARN_COMMA = YES;
				CLANG_WARN_CONSTANT_CONVERSION = YES;
				CLANG_WARN_DEPRECATED_OBJC_IMPLEMENTATIONS = YES;
				CLANG_WARN_DIRECT_OBJC_ISA_USAGE = YES_ERROR;
				CLANG_WARN_DOCUMENTATION_COMMENTS = YES;
				CLANG_WARN_EMPTY_BODY = YES;
				CLANG_WARN_ENUM_CONVERSION = YES;
				CLANG_WARN_INFINITE_RECURSION = YES;
				CLANG_WARN_INT_CONVERSION = YES;
				CLANG_WARN_NON_LITERAL_NULL_CONVERSION = YES;
				CLANG_WARN_OBJC_IMPLICIT_RETAIN_SELF = YES;
				CLANG_WARN_OBJC_LITERAL_CONVERSION = YES;
				CLANG_WARN_OBJC_ROOT_CLASS = YES_ERROR;
				CLANG_WARN_RANGE_LOOP_ANALYSIS = YES;
				CLANG_WARN_STRICT_PROTOTYPES = YES;
				CLANG_WARN_SUSPICIOUS_MOVE = YES;
				CLANG_WARN_UNGUARDED_AVAILABILITY = YES_AGGRESSIVE;
				CLANG_WARN_UNREACHABLE_CODE = YES;
				CLANG_WARN__DUPLICATE_METHOD_MATCH = YES;
				COPY_PHASE_STRIP = NO;
				DEBUG_INFORMATION_FORMAT = "dwarf-with-dsym";
				ENABLE_NS_ASSERTIONS = NO;
				ENABLE_STRICT_OBJC_MSGSEND = YES;
				GCC_C_LANGUAGE_STANDARD = gnu11;
				GCC_NO_COMMON_BLOCKS = YES;
				GCC_WARN_64_TO_32_BIT_CONVERSION = YES;
				GCC_WARN_ABOUT_RETURN_TYPE = YES_ERROR;
				GCC_WARN_UNDECLARED_SELECTOR = YES;
				GCC_WARN_UNINITIALIZED_AUTOS = YES_AGGRESSIVE;
				GCC_WARN_UNUSED_FUNCTION = YES;
				GCC_WARN_UNUSED_VARIABLE = YES;
				IPHONEOS_DEPLOYMENT_TARGET = 13.0;
				MTL_ENABLE_DEBUG_INFO = NO;
				MTL_FAST_MATH = YES;
				SDKROOT = iphoneos;
				SWIFT_COMPILATION_MODE = wholemodule;
				SWIFT_OPTIMIZATION_LEVEL = "-O";
				VALIDATE_PRODUCT = YES;
			};
			name = Release;
		};
		56CD64972402A5E00036A6E7 /* Debug */ = {
			isa = XCBuildConfiguration;
			buildSettings = {
				ASSETCATALOG_COMPILER_APPICON_NAME = AppIcon;
				CODE_SIGN_STYLE = Automatic;
				INFOPLIST_FILE = TestRep/Info.plist;
				LD_RUNPATH_SEARCH_PATHS = (
					"$(inherited)",
					"@executable_path/Frameworks",
				);
				PRODUCT_BUNDLE_IDENTIFIER = charles.TestRep;
				PRODUCT_NAME = "$(TARGET_NAME)";
				SWIFT_VERSION = 5.0;
				TARGETED_DEVICE_FAMILY = "1,2";
			};
			name = Debug;
		};
		56CD64982402A5E00036A6E7 /* Release */ = {
			isa = XCBuildConfiguration;
			buildSettings = {
				ASSETCATALOG_COMPILER_APPICON_NAME = AppIcon;
				CODE_SIGN_STYLE = Automatic;
				INFOPLIST_FILE = TestRep/Info.plist;
				LD_RUNPATH_SEARCH_PATHS = (
					"$(inherited)",
					"@executable_path/Frameworks",
				);
				PRODUCT_BUNDLE_IDENTIFIER = charles.TestRep;
				PRODUCT_NAME = "$(TARGET_NAME)";
				SWIFT_VERSION = 5.0;
				TARGETED_DEVICE_FAMILY = "1,2";
			};
			name = Release;
		};
		56CD649A2402A5E00036A6E7 /* Debug */ = {
			isa = XCBuildConfiguration;
			buildSettings = {
				ALWAYS_EMBED_SWIFT_STANDARD_LIBRARIES = YES;
				BUNDLE_LOADER = "$(TEST_HOST)";
				CODE_SIGN_STYLE = Automatic;
				INFOPLIST_FILE = TestRepTests/Info.plist;
				IPHONEOS_DEPLOYMENT_TARGET = 13.0;
				LD_RUNPATH_SEARCH_PATHS = (
					"$(inherited)",
					"@executable_path/Frameworks",
					"@loader_path/Frameworks",
				);
				PRODUCT_BUNDLE_IDENTIFIER = charles.TestRepTests;
				PRODUCT_NAME = "$(TARGET_NAME)";
				SWIFT_VERSION = 5.0;
				TARGETED_DEVICE_FAMILY = "1,2";
				TEST_HOST = "$(BUILT_PRODUCTS_DIR)/TestRep.app/TestRep";
			};
			name = Debug;
		};
		56CD649B2402A5E00036A6E7 /* Release */ = {
			isa = XCBuildConfiguration;
			buildSettings = {
				ALWAYS_EMBED_SWIFT_STANDARD_LIBRARIES = YES;
				BUNDLE_LOADER = "$(TEST_HOST)";
				CODE_SIGN_STYLE = Automatic;
				INFOPLIST_FILE = TestRepTests/Info.plist;
				IPHONEOS_DEPLOYMENT_TARGET = 13.0;
				LD_RUNPATH_SEARCH_PATHS = (
					"$(inherited)",
					"@executable_path/Frameworks",
					"@loader_path/Frameworks",
				);
				PRODUCT_BUNDLE_IDENTIFIER = charles.TestRepTests;
				PRODUCT_NAME = "$(TARGET_NAME)";
				SWIFT_VERSION = 5.0;
				TARGETED_DEVICE_FAMILY = "1,2";
				TEST_HOST = "$(BUILT_PRODUCTS_DIR)/TestRep.app/TestRep";
			};
			name = Release;
		};
		56CD649D2402A5E00036A6E7 /* Debug */ = {
			isa = XCBuildConfiguration;
			buildSettings = {
				ALWAYS_EMBED_SWIFT_STANDARD_LIBRARIES = YES;
				CODE_SIGN_STYLE = Automatic;
				INFOPLIST_FILE = TestRepUITests/Info.plist;
				LD_RUNPATH_SEARCH_PATHS = (
					"$(inherited)",
					"@executable_path/Frameworks",
					"@loader_path/Frameworks",
				);
				PRODUCT_BUNDLE_IDENTIFIER = charles.TestRepUITests;
				PRODUCT_NAME = "$(TARGET_NAME)";
				SWIFT_VERSION = 5.0;
				TARGETED_DEVICE_FAMILY = "1,2";
				TEST_TARGET_NAME = TestRep;
			};
			name = Debug;
		};
		56CD649E2402A5E00036A6E7 /* Release */ = {
			isa = XCBuildConfiguration;
			buildSettings = {
				ALWAYS_EMBED_SWIFT_STANDARD_LIBRARIES = YES;
				CODE_SIGN_STYLE = Automatic;
				INFOPLIST_FILE = TestRepUITests/Info.plist;
				LD_RUNPATH_SEARCH_PATHS = (
					"$(inherited)",
					"@executable_path/Frameworks",
					"@loader_path/Frameworks",
				);
				PRODUCT_BUNDLE_IDENTIFIER = charles.TestRepUITests;
				PRODUCT_NAME = "$(TARGET_NAME)";
				SWIFT_VERSION = 5.0;
				TARGETED_DEVICE_FAMILY = "1,2";
				TEST_TARGET_NAME = TestRep;
			};
			name = Release;
		};
/* End XCBuildConfiguration section */

/* Begin XCConfigurationList section */
		56CD64672402A5DF0036A6E7 /* Build configuration list for PBXProject "TestRep" */ = {
			isa = XCConfigurationList;
			buildConfigurations = (
				56CD64942402A5E00036A6E7 /* Debug */,
				56CD64952402A5E00036A6E7 /* Release */,
			);
			defaultConfigurationIsVisible = 0;
			defaultConfigurationName = Release;
		};
		56CD64962402A5E00036A6E7 /* Build configuration list for PBXNativeTarget "TestRep" */ = {
			isa = XCConfigurationList;
			buildConfigurations = (
				56CD64972402A5E00036A6E7 /* Debug */,
				56CD64982402A5E00036A6E7 /* Release */,
			);
			defaultConfigurationIsVisible = 0;
			defaultConfigurationName = Release;
		};
		56CD64992402A5E00036A6E7 /* Build configuration list for PBXNativeTarget "TestRepTests" */ = {
			isa = XCConfigurationList;
			buildConfigurations = (
				56CD649A2402A5E00036A6E7 /* Debug */,
				56CD649B2402A5E00036A6E7 /* Release */,
			);
			defaultConfigurationIsVisible = 0;
			defaultConfigurationName = Release;
		};
		56CD649C2402A5E00036A6E7 /* Build configuration list for PBXNativeTarget "TestRepUITests" */ = {
			isa = XCConfigurationList;
			buildConfigurations = (
				56CD649D2402A5E00036A6E7 /* Debug */,
				56CD649E2402A5E00036A6E7 /* Release */,
			);
			defaultConfigurationIsVisible = 0;
			defaultConfigurationName = Release;
		};
/* End XCConfigurationList section */
	};
	rootObject = 56CD64642402A5DF0036A6E7 /* Project object */;
}
